
Microsoft Visual Studio Solution File, Format Version 12.00
# Visual Studio Version 16
VisualStudioVersion = 16.0.29215.179
MinimumVisualStudioVersion = 10.0.40219.1
Project("{FAE04EC0-301F-11D3-BF4B-00C04F79EFBC}") = "Inheritance", "Inheritance.csproj", "{B924D1E1-0563-4135-9AE9-39DEC5656AF1}"
EndProject
Global
	GlobalSection(SolutionConfigurationPlatforms) = preSolution
		Debug|Any CPU = Debug|Any CPU
		Release|Any CPU = Release|Any CPU
	EndGlobalSection
	GlobalSection(ProjectConfigurationPlatforms) = postSolution
		{B924D1E1-0563-4135-9AE9-39DEC5656AF1}.Debug|Any CPU.ActiveCfg = Debug|Any CPU
		{B924D1E1-0563-4135-9AE9-39DEC5656AF1}.Debug|Any CPU.Build.0 = Debug|Any CPU
		{B924D1E1-0563-4135-9AE9-39DEC5656AF1}.Release|Any CPU.ActiveCfg = Release|Any CPU
		{B924D1E1-0563-4135-9AE9-39DEC5656AF1}.Release|Any CPU.Build.0 = Release|Any CPU
	EndGlobalSection
	GlobalSection(SolutionProperties) = preSolution
		HideSolutionNode = FALSE
	EndGlobalSection
	GlobalSection(ExtensibilityGlobals) = postSolution
		SolutionGuid = {A7BE2D4C-F5AA-4BD1-A6B2-B9FF6412F8D2}
	EndGlobalSection
EndGlobal
